
Microsoft Visual Studio Solution File, Format Version 12.00
# Visual Studio Version 16
VisualStudioVersion = 16.0.30225.117
MinimumVisualStudioVersion = 10.0.40219.1
Project("{FAE04EC0-301F-11D3-BF4B-00C04F79EFBC}") = "Examen_YB", "Examen_YB\Examen_YB.csproj", "{35C3962A-1C21-425E-9DD4-0236FB6DC132}"
EndProject
Global
	GlobalSection(SolutionConfigurationPlatforms) = preSolution
		Debug|Any CPU = Debug|Any CPU
		Release|Any CPU = Release|Any CPU
	EndGlobalSection
	GlobalSection(ProjectConfigurationPlatforms) = postSolution
		{35C3962A-1C21-425E-9DD4-0236FB6DC132}.Debug|Any CPU.ActiveCfg = Debug|Any CPU
		{35C3962A-1C21-425E-9DD4-0236FB6DC132}.Debug|Any CPU.Build.0 = Debug|Any CPU
		{35C3962A-1C21-425E-9DD4-0236FB6DC132}.Release|Any CPU.ActiveCfg = Release|Any CPU
		{35C3962A-1C21-425E-9DD4-0236FB6DC132}.Release|Any CPU.Build.0 = Release|Any CPU
	EndGlobalSection
	GlobalSection(SolutionProperties) = preSolution
		HideSolutionNode = FALSE
	EndGlobalSection
	GlobalSection(ExtensibilityGlobals) = postSolution
		SolutionGuid = {B1E5BFAB-FBFB-43BD-9CF0-576B30F355CF}
	EndGlobalSection
EndGlobal
